
Microsoft Visual Studio Solution File, Format Version 12.00
# Visual Studio Version 17
VisualStudioVersion = 17.12.35527.113
MinimumVisualStudioVersion = 10.0.40219.1
Project("{FAE04EC0-301F-11D3-BF4B-00C04F79EFBC}") = "HelloWorld", "HelloWorld\HelloWorld.csproj", "{47417DB0-07E0-4C33-A004-7572685817D9}"
EndProject
Project("{FAE04EC0-301F-11D3-BF4B-00C04F79EFBC}") = "HelloWorldExplicit", "HelloWorldExplicit\HelloWorldExplicit.csproj", "{6C859948-5FE6-4BFC-A649-9117D79BB0A8}"
EndProject
Project("{FAE04EC0-301F-11D3-BF4B-00C04F79EFBC}") = "ProgramArguments", "ProgramArguments\ProgramArguments.csproj", "{F75E9F40-8616-4D34-B36A-5081577C56F8}"
EndProject
Project("{FAE04EC0-301F-11D3-BF4B-00C04F79EFBC}") = "ProgramArgumentsExplicit", "ProgramArgumentsExplicit\ProgramArgumentsExplicit.csproj", "{D869122C-75EC-445A-A8CA-16CFC4D3EB61}"
EndProject
Project("{FAE04EC0-301F-11D3-BF4B-00C04F79EFBC}") = "ConsoleInput", "ConsoleInput\ConsoleInput.csproj", "{73694C5E-8229-4054-9B85-A6E3EC0E9A36}"
EndProject
Project("{FAE04EC0-301F-11D3-BF4B-00C04F79EFBC}") = "ValueTypes", "ValueTypes\ValueTypes.csproj", "{554191C7-6600-417F-A6BC-A5406FC7A3F6}"
EndProject
Project("{FAE04EC0-301F-11D3-BF4B-00C04F79EFBC}") = "TypeConversion", "TypeConversion\TypeConversion.csproj", "{7E145064-4DA5-4BE7-980B-ECB432FAF628}"
EndProject
Project("{FAE04EC0-301F-11D3-BF4B-00C04F79EFBC}") = "Strings", "Strings\Strings.csproj", "{0C305C18-4A1F-4015-92F0-3A8921D46791}"
EndProject
Project("{FAE04EC0-301F-11D3-BF4B-00C04F79EFBC}") = "StringParsing", "StringParsing\StringParsing.csproj", "{8A253792-87AC-479F-A2B6-DD67BC8103EA}"
EndProject
Project("{FAE04EC0-301F-11D3-BF4B-00C04F79EFBC}") = "DateTime", "DateTime\DateTime.csproj", "{0D71BD3F-80E5-4704-B3A5-4A2225F53A3B}"
EndProject
Project("{FAE04EC0-301F-11D3-BF4B-00C04F79EFBC}") = "SwitchStatements", "SwitchStatements\SwitchStatements.csproj", "{33EEC857-37BF-47D0-8571-436A57E3C6D1}"
EndProject
Project("{FAE04EC0-301F-11D3-BF4B-00C04F79EFBC}") = "IterationStatements", "IterationStatements\IterationStatements.csproj", "{0476167A-332D-496D-AB13-81CD3FDABCEA}"
EndProject
Project("{2150E333-8FDC-42A3-9474-1A3956D46DE8}") = "ZTM-CSharpFundamentals", "ZTM-CSharpFundamentals", "{91328072-8DCB-4785-8302-88F9C0504250}"
EndProject
Project("{FAE04EC0-301F-11D3-BF4B-00C04F79EFBC}") = "ConsoleBasedCalculator", "ConsoleBasedCalculator\ConsoleBasedCalculator.csproj", "{9846AA55-C89F-4365-9321-78596A1E3F20}"
EndProject
Project("{FAE04EC0-301F-11D3-BF4B-00C04F79EFBC}") = "HappyBirthdayMessage", "HappyBirthdayMessage\HappyBirthdayMessage.csproj", "{7F8C2C82-1CEB-4231-A958-6CCCF346AB5F}"
EndProject
Project("{FAE04EC0-301F-11D3-BF4B-00C04F79EFBC}") = "BasicClass", "BasicClass\BasicClass.csproj", "{A7082C5D-86FF-4DCF-BF06-932CA3DC6A45}"
EndProject
Project("{FAE04EC0-301F-11D3-BF4B-00C04F79EFBC}") = "HouseSaleChecker", "HouseSaleChecker\HouseSaleChecker.csproj", "{2DEA8064-17B8-4D99-910B-2AB6E89D3617}"
EndProject
Project("{2150E333-8FDC-42A3-9474-1A3956D46DE8}") = "ZTM-OOP", "ZTM-OOP", "{722D9A42-1C2C-4F43-AE3F-90827A9D7E0C}"
EndProject
Project("{FAE04EC0-301F-11D3-BF4B-00C04F79EFBC}") = "Namespaces", "Namespaces\Namespaces.csproj", "{DAFAA821-74FE-40AC-94F2-AF6CF4C56737}"
EndProject
Project("{FAE04EC0-301F-11D3-BF4B-00C04F79EFBC}") = "Interfaces", "Interfaces\Interfaces.csproj", "{34A32F16-4D82-414D-BA0E-03470D1CCB5A}"
EndProject
Project("{FAE04EC0-301F-11D3-BF4B-00C04F79EFBC}") = "MethodOverloading", "MethodOverloading\MethodOverloading.csproj", "{E3ED7DA5-29FA-441F-8E85-861FA637C042}"
EndProject
Project("{FAE04EC0-301F-11D3-BF4B-00C04F79EFBC}") = "Inheritance", "Inheritance\Inheritance.csproj", "{27715A03-F393-4F5B-9037-70FC8232922E}"
EndProject
Project("{FAE04EC0-301F-11D3-BF4B-00C04F79EFBC}") = "Polymorphism", "Polymorphism\Polymorphism.csproj", "{5F522777-A899-48F6-8586-3E810D40246C}"
EndProject
Project("{FAE04EC0-301F-11D3-BF4B-00C04F79EFBC}") = "AdvancedVariableScopes", "AdvancedVariableScopes\AdvancedVariableScopes.csproj", "{259D2E9B-AC07-42AF-A2D8-B5AD1E832ACF}"
EndProject
Project("{FAE04EC0-301F-11D3-BF4B-00C04F79EFBC}") = "ConsoleBasedAccountingSystem", "ConsoleBasedAccountingSystem\ConsoleBasedAccountingSystem.csproj", "{35E1C3FF-58D2-44F4-B9BA-C2E980CD2AE6}"
EndProject
Project("{2150E333-8FDC-42A3-9474-1A3956D46DE8}") = "ZTM-VariableTypes", "ZTM-VariableTypes", "{00BC4F74-613D-4DAB-BF3C-5513D56763A2}"
EndProject
Project("{FAE04EC0-301F-11D3-BF4B-00C04F79EFBC}") = "Const", "Const\Const.csproj", "{00F10467-D4C4-4386-BF2E-B4039A6114DB}"
EndProject
Project("{FAE04EC0-301F-11D3-BF4B-00C04F79EFBC}") = "Enumerations", "Enumerations\Enumerations.csproj", "{72469D66-961C-4568-89F2-6CC9FB7CCD07}"
EndProject
Project("{FAE04EC0-301F-11D3-BF4B-00C04F79EFBC}") = "SwitchExpressions", "SwitchExpressions\SwitchExpressions.csproj", "{49509BAF-CA6D-422B-97E5-D899586A51CE}"
EndProject
Project("{FAE04EC0-301F-11D3-BF4B-00C04F79EFBC}") = "Structs", "Structs\Structs.csproj", "{45EE0324-7E2E-4F61-93A2-3767AC11D9E3}"
EndProject
Project("{FAE04EC0-301F-11D3-BF4B-00C04F79EFBC}") = "MethodArguments", "MethodArguments\MethodArguments.csproj", "{C721CC16-8F24-48EF-AEA8-CDE69394ECF0}"
EndProject
Project("{FAE04EC0-301F-11D3-BF4B-00C04F79EFBC}") = "ExceptionHandling", "ExceptionHandling\ExceptionHandling.csproj", "{DD401613-1490-4352-9B5C-43D8889C957E}"
EndProject
Project("{2150E333-8FDC-42A3-9474-1A3956D46DE8}") = "ZTM-ArraysAndCollections", "ZTM-ArraysAndCollections", "{805D0481-F32B-4797-BD6A-26253EDEA51E}"
EndProject
Project("{FAE04EC0-301F-11D3-BF4B-00C04F79EFBC}") = "Arrays", "Arrays\Arrays.csproj", "{3B59470F-D52A-4BA5-809A-17CC6428AC1F}"
EndProject
Project("{FAE04EC0-301F-11D3-BF4B-00C04F79EFBC}") = "ArrayList", "ArrayList\ArrayList.csproj", "{454C5B42-43A7-403D-97BD-88969495D5EB}"
EndProject
Project("{FAE04EC0-301F-11D3-BF4B-00C04F79EFBC}") = "List", "List\List.csproj", "{40150C87-8066-48C3-8618-8CC15AF365A9}"
EndProject
Project("{FAE04EC0-301F-11D3-BF4B-00C04F79EFBC}") = "Stack", "Stack\Stack.csproj", "{45A76AC2-C6CB-498B-ABBD-BECB9C8ACFFA}"
EndProject
Project("{FAE04EC0-301F-11D3-BF4B-00C04F79EFBC}") = "Dictionary", "Dictionary\Dictionary.csproj", "{7EA44D74-9017-43DC-8367-8F65FB283A61}"
EndProject
Project("{FAE04EC0-301F-11D3-BF4B-00C04F79EFBC}") = "Queue", "Queue\Queue.csproj", "{786E64FF-D60B-4E22-A120-147C0728E3E5}"
EndProject
Project("{2150E333-8FDC-42A3-9474-1A3956D46DE8}") = "ZTM-Advanced", "ZTM-Advanced", "{F94DA184-5FDB-44D6-8755-3C8E827CD58D}"
EndProject
Project("{FAE04EC0-301F-11D3-BF4B-00C04F79EFBC}") = "NamedArguments", "NamedArguments\NamedArguments.csproj", "{5B5EEF08-1C2A-4D50-9826-F7EA2223E216}"
EndProject
Project("{FAE04EC0-301F-11D3-BF4B-00C04F79EFBC}") = "ExtensionMethods", "ExtensionMethods\ExtensionMethods.csproj", "{00359151-427C-4735-8560-C099E2B7A658}"
EndProject
Project("{FAE04EC0-301F-11D3-BF4B-00C04F79EFBC}") = "Generics", "Generics\Generics.csproj", "{CDF29D89-8F1A-440B-819B-4FDA1A02C80D}"
EndProject
Project("{FAE04EC0-301F-11D3-BF4B-00C04F79EFBC}") = "NullableValueTypes", "NulableValueTypes\NullableValueTypes.csproj", "{273C095D-A196-424F-A5DE-5304EA8FB632}"
EndProject
Project("{FAE04EC0-301F-11D3-BF4B-00C04F79EFBC}") = "NullableReferenceTypes", "NullableReferenceTypes\NullableReferenceTypes.csproj", "{A878BF73-89FE-4021-A29E-ECAA4D4FD726}"
EndProject
Project("{FAE04EC0-301F-11D3-BF4B-00C04F79EFBC}") = "RecordTypes", "RecordTypes\RecordTypes.csproj", "{8C2FA2E1-37D2-41D0-8A29-9288CCA41062}"
EndProject
Global
	GlobalSection(SolutionConfigurationPlatforms) = preSolution
		Debug|Any CPU = Debug|Any CPU
		Release|Any CPU = Release|Any CPU
	EndGlobalSection
	GlobalSection(ProjectConfigurationPlatforms) = postSolution
		{47417DB0-07E0-4C33-A004-7572685817D9}.Debug|Any CPU.ActiveCfg = Debug|Any CPU
		{47417DB0-07E0-4C33-A004-7572685817D9}.Debug|Any CPU.Build.0 = Debug|Any CPU
		{47417DB0-07E0-4C33-A004-7572685817D9}.Release|Any CPU.ActiveCfg = Release|Any CPU
		{47417DB0-07E0-4C33-A004-7572685817D9}.Release|Any CPU.Build.0 = Release|Any CPU
		{6C859948-5FE6-4BFC-A649-9117D79BB0A8}.Debug|Any CPU.ActiveCfg = Debug|Any CPU
		{6C859948-5FE6-4BFC-A649-9117D79BB0A8}.Debug|Any CPU.Build.0 = Debug|Any CPU
		{6C859948-5FE6-4BFC-A649-9117D79BB0A8}.Release|Any CPU.ActiveCfg = Release|Any CPU
		{6C859948-5FE6-4BFC-A649-9117D79BB0A8}.Release|Any CPU.Build.0 = Release|Any CPU
		{F75E9F40-8616-4D34-B36A-5081577C56F8}.Debug|Any CPU.ActiveCfg = Debug|Any CPU
		{F75E9F40-8616-4D34-B36A-5081577C56F8}.Debug|Any CPU.Build.0 = Debug|Any CPU
		{F75E9F40-8616-4D34-B36A-5081577C56F8}.Release|Any CPU.ActiveCfg = Release|Any CPU
		{F75E9F40-8616-4D34-B36A-5081577C56F8}.Release|Any CPU.Build.0 = Release|Any CPU
		{D869122C-75EC-445A-A8CA-16CFC4D3EB61}.Debug|Any CPU.ActiveCfg = Debug|Any CPU
		{D869122C-75EC-445A-A8CA-16CFC4D3EB61}.Debug|Any CPU.Build.0 = Debug|Any CPU
		{D869122C-75EC-445A-A8CA-16CFC4D3EB61}.Release|Any CPU.ActiveCfg = Release|Any CPU
		{D869122C-75EC-445A-A8CA-16CFC4D3EB61}.Release|Any CPU.Build.0 = Release|Any CPU
		{73694C5E-8229-4054-9B85-A6E3EC0E9A36}.Debug|Any CPU.ActiveCfg = Debug|Any CPU
		{73694C5E-8229-4054-9B85-A6E3EC0E9A36}.Debug|Any CPU.Build.0 = Debug|Any CPU
		{73694C5E-8229-4054-9B85-A6E3EC0E9A36}.Release|Any CPU.ActiveCfg = Release|Any CPU
		{73694C5E-8229-4054-9B85-A6E3EC0E9A36}.Release|Any CPU.Build.0 = Release|Any CPU
		{554191C7-6600-417F-A6BC-A5406FC7A3F6}.Debug|Any CPU.ActiveCfg = Debug|Any CPU
		{554191C7-6600-417F-A6BC-A5406FC7A3F6}.Debug|Any CPU.Build.0 = Debug|Any CPU
		{554191C7-6600-417F-A6BC-A5406FC7A3F6}.Release|Any CPU.ActiveCfg = Release|Any CPU
		{554191C7-6600-417F-A6BC-A5406FC7A3F6}.Release|Any CPU.Build.0 = Release|Any CPU
		{7E145064-4DA5-4BE7-980B-ECB432FAF628}.Debug|Any CPU.ActiveCfg = Debug|Any CPU
		{7E145064-4DA5-4BE7-980B-ECB432FAF628}.Debug|Any CPU.Build.0 = Debug|Any CPU
		{7E145064-4DA5-4BE7-980B-ECB432FAF628}.Release|Any CPU.ActiveCfg = Release|Any CPU
		{7E145064-4DA5-4BE7-980B-ECB432FAF628}.Release|Any CPU.Build.0 = Release|Any CPU
		{0C305C18-4A1F-4015-92F0-3A8921D46791}.Debug|Any CPU.ActiveCfg = Debug|Any CPU
		{0C305C18-4A1F-4015-92F0-3A8921D46791}.Debug|Any CPU.Build.0 = Debug|Any CPU
		{0C305C18-4A1F-4015-92F0-3A8921D46791}.Release|Any CPU.ActiveCfg = Release|Any CPU
		{0C305C18-4A1F-4015-92F0-3A8921D46791}.Release|Any CPU.Build.0 = Release|Any CPU
		{8A253792-87AC-479F-A2B6-DD67BC8103EA}.Debug|Any CPU.ActiveCfg = Debug|Any CPU
		{8A253792-87AC-479F-A2B6-DD67BC8103EA}.Debug|Any CPU.Build.0 = Debug|Any CPU
		{8A253792-87AC-479F-A2B6-DD67BC8103EA}.Release|Any CPU.ActiveCfg = Release|Any CPU
		{8A253792-87AC-479F-A2B6-DD67BC8103EA}.Release|Any CPU.Build.0 = Release|Any CPU
		{0D71BD3F-80E5-4704-B3A5-4A2225F53A3B}.Debug|Any CPU.ActiveCfg = Debug|Any CPU
		{0D71BD3F-80E5-4704-B3A5-4A2225F53A3B}.Debug|Any CPU.Build.0 = Debug|Any CPU
		{0D71BD3F-80E5-4704-B3A5-4A2225F53A3B}.Release|Any CPU.ActiveCfg = Release|Any CPU
		{0D71BD3F-80E5-4704-B3A5-4A2225F53A3B}.Release|Any CPU.Build.0 = Release|Any CPU
		{33EEC857-37BF-47D0-8571-436A57E3C6D1}.Debug|Any CPU.ActiveCfg = Debug|Any CPU
		{33EEC857-37BF-47D0-8571-436A57E3C6D1}.Debug|Any CPU.Build.0 = Debug|Any CPU
		{33EEC857-37BF-47D0-8571-436A57E3C6D1}.Release|Any CPU.ActiveCfg = Release|Any CPU
		{33EEC857-37BF-47D0-8571-436A57E3C6D1}.Release|Any CPU.Build.0 = Release|Any CPU
		{0476167A-332D-496D-AB13-81CD3FDABCEA}.Debug|Any CPU.ActiveCfg = Debug|Any CPU
		{0476167A-332D-496D-AB13-81CD3FDABCEA}.Debug|Any CPU.Build.0 = Debug|Any CPU
		{0476167A-332D-496D-AB13-81CD3FDABCEA}.Release|Any CPU.ActiveCfg = Release|Any CPU
		{0476167A-332D-496D-AB13-81CD3FDABCEA}.Release|Any CPU.Build.0 = Release|Any CPU
		{9846AA55-C89F-4365-9321-78596A1E3F20}.Debug|Any CPU.ActiveCfg = Debug|Any CPU
		{9846AA55-C89F-4365-9321-78596A1E3F20}.Debug|Any CPU.Build.0 = Debug|Any CPU
		{9846AA55-C89F-4365-9321-78596A1E3F20}.Release|Any CPU.ActiveCfg = Release|Any CPU
		{9846AA55-C89F-4365-9321-78596A1E3F20}.Release|Any CPU.Build.0 = Release|Any CPU
		{7F8C2C82-1CEB-4231-A958-6CCCF346AB5F}.Debug|Any CPU.ActiveCfg = Debug|Any CPU
		{7F8C2C82-1CEB-4231-A958-6CCCF346AB5F}.Debug|Any CPU.Build.0 = Debug|Any CPU
		{7F8C2C82-1CEB-4231-A958-6CCCF346AB5F}.Release|Any CPU.ActiveCfg = Release|Any CPU
		{7F8C2C82-1CEB-4231-A958-6CCCF346AB5F}.Release|Any CPU.Build.0 = Release|Any CPU
		{A7082C5D-86FF-4DCF-BF06-932CA3DC6A45}.Debug|Any CPU.ActiveCfg = Debug|Any CPU
		{A7082C5D-86FF-4DCF-BF06-932CA3DC6A45}.Debug|Any CPU.Build.0 = Debug|Any CPU
		{A7082C5D-86FF-4DCF-BF06-932CA3DC6A45}.Release|Any CPU.ActiveCfg = Release|Any CPU
		{A7082C5D-86FF-4DCF-BF06-932CA3DC6A45}.Release|Any CPU.Build.0 = Release|Any CPU
		{2DEA8064-17B8-4D99-910B-2AB6E89D3617}.Debug|Any CPU.ActiveCfg = Debug|Any CPU
		{2DEA8064-17B8-4D99-910B-2AB6E89D3617}.Debug|Any CPU.Build.0 = Debug|Any CPU
		{2DEA8064-17B8-4D99-910B-2AB6E89D3617}.Release|Any CPU.ActiveCfg = Release|Any CPU
		{2DEA8064-17B8-4D99-910B-2AB6E89D3617}.Release|Any CPU.Build.0 = Release|Any CPU
		{DAFAA821-74FE-40AC-94F2-AF6CF4C56737}.Debug|Any CPU.ActiveCfg = Debug|Any CPU
		{DAFAA821-74FE-40AC-94F2-AF6CF4C56737}.Debug|Any CPU.Build.0 = Debug|Any CPU
		{DAFAA821-74FE-40AC-94F2-AF6CF4C56737}.Release|Any CPU.ActiveCfg = Release|Any CPU
		{DAFAA821-74FE-40AC-94F2-AF6CF4C56737}.Release|Any CPU.Build.0 = Release|Any CPU
		{34A32F16-4D82-414D-BA0E-03470D1CCB5A}.Debug|Any CPU.ActiveCfg = Debug|Any CPU
		{34A32F16-4D82-414D-BA0E-03470D1CCB5A}.Debug|Any CPU.Build.0 = Debug|Any CPU
		{34A32F16-4D82-414D-BA0E-03470D1CCB5A}.Release|Any CPU.ActiveCfg = Release|Any CPU
		{34A32F16-4D82-414D-BA0E-03470D1CCB5A}.Release|Any CPU.Build.0 = Release|Any CPU
		{E3ED7DA5-29FA-441F-8E85-861FA637C042}.Debug|Any CPU.ActiveCfg = Debug|Any CPU
		{E3ED7DA5-29FA-441F-8E85-861FA637C042}.Debug|Any CPU.Build.0 = Debug|Any CPU
		{E3ED7DA5-29FA-441F-8E85-861FA637C042}.Release|Any CPU.ActiveCfg = Release|Any CPU
		{E3ED7DA5-29FA-441F-8E85-861FA637C042}.Release|Any CPU.Build.0 = Release|Any CPU
		{27715A03-F393-4F5B-9037-70FC8232922E}.Debug|Any CPU.ActiveCfg = Debug|Any CPU
		{27715A03-F393-4F5B-9037-70FC8232922E}.Debug|Any CPU.Build.0 = Debug|Any CPU
		{27715A03-F393-4F5B-9037-70FC8232922E}.Release|Any CPU.ActiveCfg = Release|Any CPU
		{27715A03-F393-4F5B-9037-70FC8232922E}.Release|Any CPU.Build.0 = Release|Any CPU
		{5F522777-A899-48F6-8586-3E810D40246C}.Debug|Any CPU.ActiveCfg = Debug|Any CPU
		{5F522777-A899-48F6-8586-3E810D40246C}.Debug|Any CPU.Build.0 = Debug|Any CPU
		{5F522777-A899-48F6-8586-3E810D40246C}.Release|Any CPU.ActiveCfg = Release|Any CPU
		{5F522777-A899-48F6-8586-3E810D40246C}.Release|Any CPU.Build.0 = Release|Any CPU
		{259D2E9B-AC07-42AF-A2D8-B5AD1E832ACF}.Debug|Any CPU.ActiveCfg = Debug|Any CPU
		{259D2E9B-AC07-42AF-A2D8-B5AD1E832ACF}.Debug|Any CPU.Build.0 = Debug|Any CPU
		{259D2E9B-AC07-42AF-A2D8-B5AD1E832ACF}.Release|Any CPU.ActiveCfg = Release|Any CPU
		{259D2E9B-AC07-42AF-A2D8-B5AD1E832ACF}.Release|Any CPU.Build.0 = Release|Any CPU
		{35E1C3FF-58D2-44F4-B9BA-C2E980CD2AE6}.Debug|Any CPU.ActiveCfg = Debug|Any CPU
		{35E1C3FF-58D2-44F4-B9BA-C2E980CD2AE6}.Debug|Any CPU.Build.0 = Debug|Any CPU
		{35E1C3FF-58D2-44F4-B9BA-C2E980CD2AE6}.Release|Any CPU.ActiveCfg = Release|Any CPU
		{35E1C3FF-58D2-44F4-B9BA-C2E980CD2AE6}.Release|Any CPU.Build.0 = Release|Any CPU
		{00F10467-D4C4-4386-BF2E-B4039A6114DB}.Debug|Any CPU.ActiveCfg = Debug|Any CPU
		{00F10467-D4C4-4386-BF2E-B4039A6114DB}.Debug|Any CPU.Build.0 = Debug|Any CPU
		{00F10467-D4C4-4386-BF2E-B4039A6114DB}.Release|Any CPU.ActiveCfg = Release|Any CPU
		{00F10467-D4C4-4386-BF2E-B4039A6114DB}.Release|Any CPU.Build.0 = Release|Any CPU
		{72469D66-961C-4568-89F2-6CC9FB7CCD07}.Debug|Any CPU.ActiveCfg = Debug|Any CPU
		{72469D66-961C-4568-89F2-6CC9FB7CCD07}.Debug|Any CPU.Build.0 = Debug|Any CPU
		{72469D66-961C-4568-89F2-6CC9FB7CCD07}.Release|Any CPU.ActiveCfg = Release|Any CPU
		{72469D66-961C-4568-89F2-6CC9FB7CCD07}.Release|Any CPU.Build.0 = Release|Any CPU
		{49509BAF-CA6D-422B-97E5-D899586A51CE}.Debug|Any CPU.ActiveCfg = Debug|Any CPU
		{49509BAF-CA6D-422B-97E5-D899586A51CE}.Debug|Any CPU.Build.0 = Debug|Any CPU
		{49509BAF-CA6D-422B-97E5-D899586A51CE}.Release|Any CPU.ActiveCfg = Release|Any CPU
		{49509BAF-CA6D-422B-97E5-D899586A51CE}.Release|Any CPU.Build.0 = Release|Any CPU
		{45EE0324-7E2E-4F61-93A2-3767AC11D9E3}.Debug|Any CPU.ActiveCfg = Debug|Any CPU
		{45EE0324-7E2E-4F61-93A2-3767AC11D9E3}.Debug|Any CPU.Build.0 = Debug|Any CPU
		{45EE0324-7E2E-4F61-93A2-3767AC11D9E3}.Release|Any CPU.ActiveCfg = Release|Any CPU
		{45EE0324-7E2E-4F61-93A2-3767AC11D9E3}.Release|Any CPU.Build.0 = Release|Any CPU
		{C721CC16-8F24-48EF-AEA8-CDE69394ECF0}.Debug|Any CPU.ActiveCfg = Debug|Any CPU
		{C721CC16-8F24-48EF-AEA8-CDE69394ECF0}.Debug|Any CPU.Build.0 = Debug|Any CPU
		{C721CC16-8F24-48EF-AEA8-CDE69394ECF0}.Release|Any CPU.ActiveCfg = Release|Any CPU
		{C721CC16-8F24-48EF-AEA8-CDE69394ECF0}.Release|Any CPU.Build.0 = Release|Any CPU
		{DD401613-1490-4352-9B5C-43D8889C957E}.Debug|Any CPU.ActiveCfg = Debug|Any CPU
		{DD401613-1490-4352-9B5C-43D8889C957E}.Debug|Any CPU.Build.0 = Debug|Any CPU
		{DD401613-1490-4352-9B5C-43D8889C957E}.Release|Any CPU.ActiveCfg = Release|Any CPU
		{DD401613-1490-4352-9B5C-43D8889C957E}.Release|Any CPU.Build.0 = Release|Any CPU
		{3B59470F-D52A-4BA5-809A-17CC6428AC1F}.Debug|Any CPU.ActiveCfg = Debug|Any CPU
		{3B59470F-D52A-4BA5-809A-17CC6428AC1F}.Debug|Any CPU.Build.0 = Debug|Any CPU
		{3B59470F-D52A-4BA5-809A-17CC6428AC1F}.Release|Any CPU.ActiveCfg = Release|Any CPU
		{3B59470F-D52A-4BA5-809A-17CC6428AC1F}.Release|Any CPU.Build.0 = Release|Any CPU
		{454C5B42-43A7-403D-97BD-88969495D5EB}.Debug|Any CPU.ActiveCfg = Debug|Any CPU
		{454C5B42-43A7-403D-97BD-88969495D5EB}.Debug|Any CPU.Build.0 = Debug|Any CPU
		{454C5B42-43A7-403D-97BD-88969495D5EB}.Release|Any CPU.ActiveCfg = Release|Any CPU
		{454C5B42-43A7-403D-97BD-88969495D5EB}.Release|Any CPU.Build.0 = Release|Any CPU
		{40150C87-8066-48C3-8618-8CC15AF365A9}.Debug|Any CPU.ActiveCfg = Debug|Any CPU
		{40150C87-8066-48C3-8618-8CC15AF365A9}.Debug|Any CPU.Build.0 = Debug|Any CPU
		{40150C87-8066-48C3-8618-8CC15AF365A9}.Release|Any CPU.ActiveCfg = Release|Any CPU
		{40150C87-8066-48C3-8618-8CC15AF365A9}.Release|Any CPU.Build.0 = Release|Any CPU
		{45A76AC2-C6CB-498B-ABBD-BECB9C8ACFFA}.Debug|Any CPU.ActiveCfg = Debug|Any CPU
		{45A76AC2-C6CB-498B-ABBD-BECB9C8ACFFA}.Debug|Any CPU.Build.0 = Debug|Any CPU
		{45A76AC2-C6CB-498B-ABBD-BECB9C8ACFFA}.Release|Any CPU.ActiveCfg = Release|Any CPU
		{45A76AC2-C6CB-498B-ABBD-BECB9C8ACFFA}.Release|Any CPU.Build.0 = Release|Any CPU
		{7EA44D74-9017-43DC-8367-8F65FB283A61}.Debug|Any CPU.ActiveCfg = Debug|Any CPU
		{7EA44D74-9017-43DC-8367-8F65FB283A61}.Debug|Any CPU.Build.0 = Debug|Any CPU
		{7EA44D74-9017-43DC-8367-8F65FB283A61}.Release|Any CPU.ActiveCfg = Release|Any CPU
		{7EA44D74-9017-43DC-8367-8F65FB283A61}.Release|Any CPU.Build.0 = Release|Any CPU
		{786E64FF-D60B-4E22-A120-147C0728E3E5}.Debug|Any CPU.ActiveCfg = Debug|Any CPU
		{786E64FF-D60B-4E22-A120-147C0728E3E5}.Debug|Any CPU.Build.0 = Debug|Any CPU
		{786E64FF-D60B-4E22-A120-147C0728E3E5}.Release|Any CPU.ActiveCfg = Release|Any CPU
		{786E64FF-D60B-4E22-A120-147C0728E3E5}.Release|Any CPU.Build.0 = Release|Any CPU
		{5B5EEF08-1C2A-4D50-9826-F7EA2223E216}.Debug|Any CPU.ActiveCfg = Debug|Any CPU
		{5B5EEF08-1C2A-4D50-9826-F7EA2223E216}.Debug|Any CPU.Build.0 = Debug|Any CPU
		{5B5EEF08-1C2A-4D50-9826-F7EA2223E216}.Release|Any CPU.ActiveCfg = Release|Any CPU
		{5B5EEF08-1C2A-4D50-9826-F7EA2223E216}.Release|Any CPU.Build.0 = Release|Any CPU
		{00359151-427C-4735-8560-C099E2B7A658}.Debug|Any CPU.ActiveCfg = Debug|Any CPU
		{00359151-427C-4735-8560-C099E2B7A658}.Debug|Any CPU.Build.0 = Debug|Any CPU
		{00359151-427C-4735-8560-C099E2B7A658}.Release|Any CPU.ActiveCfg = Release|Any CPU
		{00359151-427C-4735-8560-C099E2B7A658}.Release|Any CPU.Build.0 = Release|Any CPU
		{CDF29D89-8F1A-440B-819B-4FDA1A02C80D}.Debug|Any CPU.ActiveCfg = Debug|Any CPU
		{CDF29D89-8F1A-440B-819B-4FDA1A02C80D}.Debug|Any CPU.Build.0 = Debug|Any CPU
		{CDF29D89-8F1A-440B-819B-4FDA1A02C80D}.Release|Any CPU.ActiveCfg = Release|Any CPU
		{CDF29D89-8F1A-440B-819B-4FDA1A02C80D}.Release|Any CPU.Build.0 = Release|Any CPU
		{273C095D-A196-424F-A5DE-5304EA8FB632}.Debug|Any CPU.ActiveCfg = Debug|Any CPU
		{273C095D-A196-424F-A5DE-5304EA8FB632}.Debug|Any CPU.Build.0 = Debug|Any CPU
		{273C095D-A196-424F-A5DE-5304EA8FB632}.Release|Any CPU.ActiveCfg = Release|Any CPU
		{273C095D-A196-424F-A5DE-5304EA8FB632}.Release|Any CPU.Build.0 = Release|Any CPU
		{A878BF73-89FE-4021-A29E-ECAA4D4FD726}.Debug|Any CPU.ActiveCfg = Debug|Any CPU
		{A878BF73-89FE-4021-A29E-ECAA4D4FD726}.Debug|Any CPU.Build.0 = Debug|Any CPU
		{A878BF73-89FE-4021-A29E-ECAA4D4FD726}.Release|Any CPU.ActiveCfg = Release|Any CPU
		{A878BF73-89FE-4021-A29E-ECAA4D4FD726}.Release|Any CPU.Build.0 = Release|Any CPU
		{8C2FA2E1-37D2-41D0-8A29-9288CCA41062}.Debug|Any CPU.ActiveCfg = Debug|Any CPU
		{8C2FA2E1-37D2-41D0-8A29-9288CCA41062}.Debug|Any CPU.Build.0 = Debug|Any CPU
		{8C2FA2E1-37D2-41D0-8A29-9288CCA41062}.Release|Any CPU.ActiveCfg = Release|Any CPU
		{8C2FA2E1-37D2-41D0-8A29-9288CCA41062}.Release|Any CPU.Build.0 = Release|Any CPU
	EndGlobalSection
	GlobalSection(SolutionProperties) = preSolution
		HideSolutionNode = FALSE
	EndGlobalSection
	GlobalSection(NestedProjects) = preSolution
		{47417DB0-07E0-4C33-A004-7572685817D9} = {91328072-8DCB-4785-8302-88F9C0504250}
		{6C859948-5FE6-4BFC-A649-9117D79BB0A8} = {91328072-8DCB-4785-8302-88F9C0504250}
		{F75E9F40-8616-4D34-B36A-5081577C56F8} = {91328072-8DCB-4785-8302-88F9C0504250}
		{D869122C-75EC-445A-A8CA-16CFC4D3EB61} = {91328072-8DCB-4785-8302-88F9C0504250}
		{73694C5E-8229-4054-9B85-A6E3EC0E9A36} = {91328072-8DCB-4785-8302-88F9C0504250}
		{554191C7-6600-417F-A6BC-A5406FC7A3F6} = {91328072-8DCB-4785-8302-88F9C0504250}
		{7E145064-4DA5-4BE7-980B-ECB432FAF628} = {91328072-8DCB-4785-8302-88F9C0504250}
		{0C305C18-4A1F-4015-92F0-3A8921D46791} = {91328072-8DCB-4785-8302-88F9C0504250}
		{8A253792-87AC-479F-A2B6-DD67BC8103EA} = {91328072-8DCB-4785-8302-88F9C0504250}
		{0D71BD3F-80E5-4704-B3A5-4A2225F53A3B} = {91328072-8DCB-4785-8302-88F9C0504250}
		{33EEC857-37BF-47D0-8571-436A57E3C6D1} = {91328072-8DCB-4785-8302-88F9C0504250}
		{0476167A-332D-496D-AB13-81CD3FDABCEA} = {91328072-8DCB-4785-8302-88F9C0504250}
		{9846AA55-C89F-4365-9321-78596A1E3F20} = {91328072-8DCB-4785-8302-88F9C0504250}
		{7F8C2C82-1CEB-4231-A958-6CCCF346AB5F} = {91328072-8DCB-4785-8302-88F9C0504250}
		{A7082C5D-86FF-4DCF-BF06-932CA3DC6A45} = {722D9A42-1C2C-4F43-AE3F-90827A9D7E0C}
		{2DEA8064-17B8-4D99-910B-2AB6E89D3617} = {722D9A42-1C2C-4F43-AE3F-90827A9D7E0C}
		{DAFAA821-74FE-40AC-94F2-AF6CF4C56737} = {722D9A42-1C2C-4F43-AE3F-90827A9D7E0C}
		{34A32F16-4D82-414D-BA0E-03470D1CCB5A} = {722D9A42-1C2C-4F43-AE3F-90827A9D7E0C}
		{E3ED7DA5-29FA-441F-8E85-861FA637C042} = {722D9A42-1C2C-4F43-AE3F-90827A9D7E0C}
		{27715A03-F393-4F5B-9037-70FC8232922E} = {722D9A42-1C2C-4F43-AE3F-90827A9D7E0C}
		{5F522777-A899-48F6-8586-3E810D40246C} = {722D9A42-1C2C-4F43-AE3F-90827A9D7E0C}
		{259D2E9B-AC07-42AF-A2D8-B5AD1E832ACF} = {722D9A42-1C2C-4F43-AE3F-90827A9D7E0C}
		{35E1C3FF-58D2-44F4-B9BA-C2E980CD2AE6} = {722D9A42-1C2C-4F43-AE3F-90827A9D7E0C}
		{00F10467-D4C4-4386-BF2E-B4039A6114DB} = {00BC4F74-613D-4DAB-BF3C-5513D56763A2}
		{72469D66-961C-4568-89F2-6CC9FB7CCD07} = {00BC4F74-613D-4DAB-BF3C-5513D56763A2}
		{49509BAF-CA6D-422B-97E5-D899586A51CE} = {00BC4F74-613D-4DAB-BF3C-5513D56763A2}
		{45EE0324-7E2E-4F61-93A2-3767AC11D9E3} = {00BC4F74-613D-4DAB-BF3C-5513D56763A2}
		{C721CC16-8F24-48EF-AEA8-CDE69394ECF0} = {00BC4F74-613D-4DAB-BF3C-5513D56763A2}
		{DD401613-1490-4352-9B5C-43D8889C957E} = {00BC4F74-613D-4DAB-BF3C-5513D56763A2}
		{3B59470F-D52A-4BA5-809A-17CC6428AC1F} = {805D0481-F32B-4797-BD6A-26253EDEA51E}
		{454C5B42-43A7-403D-97BD-88969495D5EB} = {805D0481-F32B-4797-BD6A-26253EDEA51E}
		{40150C87-8066-48C3-8618-8CC15AF365A9} = {805D0481-F32B-4797-BD6A-26253EDEA51E}
		{45A76AC2-C6CB-498B-ABBD-BECB9C8ACFFA} = {805D0481-F32B-4797-BD6A-26253EDEA51E}
		{7EA44D74-9017-43DC-8367-8F65FB283A61} = {805D0481-F32B-4797-BD6A-26253EDEA51E}
		{786E64FF-D60B-4E22-A120-147C0728E3E5} = {805D0481-F32B-4797-BD6A-26253EDEA51E}
		{5B5EEF08-1C2A-4D50-9826-F7EA2223E216} = {F94DA184-5FDB-44D6-8755-3C8E827CD58D}
		{00359151-427C-4735-8560-C099E2B7A658} = {F94DA184-5FDB-44D6-8755-3C8E827CD58D}
		{CDF29D89-8F1A-440B-819B-4FDA1A02C80D} = {F94DA184-5FDB-44D6-8755-3C8E827CD58D}
		{273C095D-A196-424F-A5DE-5304EA8FB632} = {F94DA184-5FDB-44D6-8755-3C8E827CD58D}
		{A878BF73-89FE-4021-A29E-ECAA4D4FD726} = {F94DA184-5FDB-44D6-8755-3C8E827CD58D}
		{8C2FA2E1-37D2-41D0-8A29-9288CCA41062} = {F94DA184-5FDB-44D6-8755-3C8E827CD58D}
	EndGlobalSection
EndGlobal
