
Microsoft Visual Studio Solution File, Format Version 12.00
# Visual Studio Version 17
VisualStudioVersion = 17.12.35527.113
MinimumVisualStudioVersion = 10.0.40219.1
Project("{FAE04EC0-301F-11D3-BF4B-00C04F79EFBC}") = "HelloWorld", "HelloWorld\HelloWorld.csproj", "{47417DB0-07E0-4C33-A004-7572685817D9}"
EndProject
Project("{FAE04EC0-301F-11D3-BF4B-00C04F79EFBC}") = "HelloWorldExplicit", "HelloWorldExplicit\HelloWorldExplicit.csproj", "{6C859948-5FE6-4BFC-A649-9117D79BB0A8}"
EndProject
Project("{FAE04EC0-301F-11D3-BF4B-00C04F79EFBC}") = "ProgramArguments", "ProgramArguments\ProgramArguments.csproj", "{F75E9F40-8616-4D34-B36A-5081577C56F8}"
EndProject
Project("{FAE04EC0-301F-11D3-BF4B-00C04F79EFBC}") = "ProgramArgumentsExplicit", "ProgramArgumentsExplicit\ProgramArgumentsExplicit.csproj", "{D869122C-75EC-445A-A8CA-16CFC4D3EB61}"
EndProject
Project("{FAE04EC0-301F-11D3-BF4B-00C04F79EFBC}") = "ConsoleInput", "ConsoleInput\ConsoleInput.csproj", "{73694C5E-8229-4054-9B85-A6E3EC0E9A36}"
EndProject
Project("{FAE04EC0-301F-11D3-BF4B-00C04F79EFBC}") = "ValueTypes", "ValueTypes\ValueTypes.csproj", "{554191C7-6600-417F-A6BC-A5406FC7A3F6}"
EndProject
Project("{FAE04EC0-301F-11D3-BF4B-00C04F79EFBC}") = "TypeConversion", "TypeConversion\TypeConversion.csproj", "{7E145064-4DA5-4BE7-980B-ECB432FAF628}"
EndProject
Project("{FAE04EC0-301F-11D3-BF4B-00C04F79EFBC}") = "Strings", "Strings\Strings.csproj", "{0C305C18-4A1F-4015-92F0-3A8921D46791}"
EndProject
Project("{FAE04EC0-301F-11D3-BF4B-00C04F79EFBC}") = "StringParsing", "StringParsing\StringParsing.csproj", "{8A253792-87AC-479F-A2B6-DD67BC8103EA}"
EndProject
Project("{FAE04EC0-301F-11D3-BF4B-00C04F79EFBC}") = "DateTime", "DateTime\DateTime.csproj", "{0D71BD3F-80E5-4704-B3A5-4A2225F53A3B}"
EndProject
Project("{FAE04EC0-301F-11D3-BF4B-00C04F79EFBC}") = "SwitchStatements", "SwitchStatements\SwitchStatements.csproj", "{33EEC857-37BF-47D0-8571-436A57E3C6D1}"
EndProject
Project("{FAE04EC0-301F-11D3-BF4B-00C04F79EFBC}") = "IterationStatements", "IterationStatements\IterationStatements.csproj", "{0476167A-332D-496D-AB13-81CD3FDABCEA}"
EndProject
Project("{FAE04EC0-301F-11D3-BF4B-00C04F79EFBC}") = "HappyBirthdayMessage", "ZTMExercise1\HappyBirthdayMessage.csproj", "{8BEEC024-7D93-4926-BD0F-B8686B42BA91}"
EndProject
Project("{2150E333-8FDC-42A3-9474-1A3956D46DE8}") = "ZTM-CSharpFundamentals", "ZTM-CSharpFundamentals", "{91328072-8DCB-4785-8302-88F9C0504250}"
EndProject
Project("{FAE04EC0-301F-11D3-BF4B-00C04F79EFBC}") = "ConsoleBasedCalculator", "ConsoleBasedCalculator\ConsoleBasedCalculator.csproj", "{9846AA55-C89F-4365-9321-78596A1E3F20}"
EndProject
Global
	GlobalSection(SolutionConfigurationPlatforms) = preSolution
		Debug|Any CPU = Debug|Any CPU
		Release|Any CPU = Release|Any CPU
	EndGlobalSection
	GlobalSection(ProjectConfigurationPlatforms) = postSolution
		{47417DB0-07E0-4C33-A004-7572685817D9}.Debug|Any CPU.ActiveCfg = Debug|Any CPU
		{47417DB0-07E0-4C33-A004-7572685817D9}.Debug|Any CPU.Build.0 = Debug|Any CPU
		{47417DB0-07E0-4C33-A004-7572685817D9}.Release|Any CPU.ActiveCfg = Release|Any CPU
		{47417DB0-07E0-4C33-A004-7572685817D9}.Release|Any CPU.Build.0 = Release|Any CPU
		{6C859948-5FE6-4BFC-A649-9117D79BB0A8}.Debug|Any CPU.ActiveCfg = Debug|Any CPU
		{6C859948-5FE6-4BFC-A649-9117D79BB0A8}.Debug|Any CPU.Build.0 = Debug|Any CPU
		{6C859948-5FE6-4BFC-A649-9117D79BB0A8}.Release|Any CPU.ActiveCfg = Release|Any CPU
		{6C859948-5FE6-4BFC-A649-9117D79BB0A8}.Release|Any CPU.Build.0 = Release|Any CPU
		{F75E9F40-8616-4D34-B36A-5081577C56F8}.Debug|Any CPU.ActiveCfg = Debug|Any CPU
		{F75E9F40-8616-4D34-B36A-5081577C56F8}.Debug|Any CPU.Build.0 = Debug|Any CPU
		{F75E9F40-8616-4D34-B36A-5081577C56F8}.Release|Any CPU.ActiveCfg = Release|Any CPU
		{F75E9F40-8616-4D34-B36A-5081577C56F8}.Release|Any CPU.Build.0 = Release|Any CPU
		{D869122C-75EC-445A-A8CA-16CFC4D3EB61}.Debug|Any CPU.ActiveCfg = Debug|Any CPU
		{D869122C-75EC-445A-A8CA-16CFC4D3EB61}.Debug|Any CPU.Build.0 = Debug|Any CPU
		{D869122C-75EC-445A-A8CA-16CFC4D3EB61}.Release|Any CPU.ActiveCfg = Release|Any CPU
		{D869122C-75EC-445A-A8CA-16CFC4D3EB61}.Release|Any CPU.Build.0 = Release|Any CPU
		{73694C5E-8229-4054-9B85-A6E3EC0E9A36}.Debug|Any CPU.ActiveCfg = Debug|Any CPU
		{73694C5E-8229-4054-9B85-A6E3EC0E9A36}.Debug|Any CPU.Build.0 = Debug|Any CPU
		{73694C5E-8229-4054-9B85-A6E3EC0E9A36}.Release|Any CPU.ActiveCfg = Release|Any CPU
		{73694C5E-8229-4054-9B85-A6E3EC0E9A36}.Release|Any CPU.Build.0 = Release|Any CPU
		{554191C7-6600-417F-A6BC-A5406FC7A3F6}.Debug|Any CPU.ActiveCfg = Debug|Any CPU
		{554191C7-6600-417F-A6BC-A5406FC7A3F6}.Debug|Any CPU.Build.0 = Debug|Any CPU
		{554191C7-6600-417F-A6BC-A5406FC7A3F6}.Release|Any CPU.ActiveCfg = Release|Any CPU
		{554191C7-6600-417F-A6BC-A5406FC7A3F6}.Release|Any CPU.Build.0 = Release|Any CPU
		{7E145064-4DA5-4BE7-980B-ECB432FAF628}.Debug|Any CPU.ActiveCfg = Debug|Any CPU
		{7E145064-4DA5-4BE7-980B-ECB432FAF628}.Debug|Any CPU.Build.0 = Debug|Any CPU
		{7E145064-4DA5-4BE7-980B-ECB432FAF628}.Release|Any CPU.ActiveCfg = Release|Any CPU
		{7E145064-4DA5-4BE7-980B-ECB432FAF628}.Release|Any CPU.Build.0 = Release|Any CPU
		{0C305C18-4A1F-4015-92F0-3A8921D46791}.Debug|Any CPU.ActiveCfg = Debug|Any CPU
		{0C305C18-4A1F-4015-92F0-3A8921D46791}.Debug|Any CPU.Build.0 = Debug|Any CPU
		{0C305C18-4A1F-4015-92F0-3A8921D46791}.Release|Any CPU.ActiveCfg = Release|Any CPU
		{0C305C18-4A1F-4015-92F0-3A8921D46791}.Release|Any CPU.Build.0 = Release|Any CPU
		{8A253792-87AC-479F-A2B6-DD67BC8103EA}.Debug|Any CPU.ActiveCfg = Debug|Any CPU
		{8A253792-87AC-479F-A2B6-DD67BC8103EA}.Debug|Any CPU.Build.0 = Debug|Any CPU
		{8A253792-87AC-479F-A2B6-DD67BC8103EA}.Release|Any CPU.ActiveCfg = Release|Any CPU
		{8A253792-87AC-479F-A2B6-DD67BC8103EA}.Release|Any CPU.Build.0 = Release|Any CPU
		{0D71BD3F-80E5-4704-B3A5-4A2225F53A3B}.Debug|Any CPU.ActiveCfg = Debug|Any CPU
		{0D71BD3F-80E5-4704-B3A5-4A2225F53A3B}.Debug|Any CPU.Build.0 = Debug|Any CPU
		{0D71BD3F-80E5-4704-B3A5-4A2225F53A3B}.Release|Any CPU.ActiveCfg = Release|Any CPU
		{0D71BD3F-80E5-4704-B3A5-4A2225F53A3B}.Release|Any CPU.Build.0 = Release|Any CPU
		{33EEC857-37BF-47D0-8571-436A57E3C6D1}.Debug|Any CPU.ActiveCfg = Debug|Any CPU
		{33EEC857-37BF-47D0-8571-436A57E3C6D1}.Debug|Any CPU.Build.0 = Debug|Any CPU
		{33EEC857-37BF-47D0-8571-436A57E3C6D1}.Release|Any CPU.ActiveCfg = Release|Any CPU
		{33EEC857-37BF-47D0-8571-436A57E3C6D1}.Release|Any CPU.Build.0 = Release|Any CPU
		{0476167A-332D-496D-AB13-81CD3FDABCEA}.Debug|Any CPU.ActiveCfg = Debug|Any CPU
		{0476167A-332D-496D-AB13-81CD3FDABCEA}.Debug|Any CPU.Build.0 = Debug|Any CPU
		{0476167A-332D-496D-AB13-81CD3FDABCEA}.Release|Any CPU.ActiveCfg = Release|Any CPU
		{0476167A-332D-496D-AB13-81CD3FDABCEA}.Release|Any CPU.Build.0 = Release|Any CPU
		{8BEEC024-7D93-4926-BD0F-B8686B42BA91}.Debug|Any CPU.ActiveCfg = Debug|Any CPU
		{8BEEC024-7D93-4926-BD0F-B8686B42BA91}.Debug|Any CPU.Build.0 = Debug|Any CPU
		{8BEEC024-7D93-4926-BD0F-B8686B42BA91}.Release|Any CPU.ActiveCfg = Release|Any CPU
		{8BEEC024-7D93-4926-BD0F-B8686B42BA91}.Release|Any CPU.Build.0 = Release|Any CPU
		{9846AA55-C89F-4365-9321-78596A1E3F20}.Debug|Any CPU.ActiveCfg = Debug|Any CPU
		{9846AA55-C89F-4365-9321-78596A1E3F20}.Debug|Any CPU.Build.0 = Debug|Any CPU
		{9846AA55-C89F-4365-9321-78596A1E3F20}.Release|Any CPU.ActiveCfg = Release|Any CPU
		{9846AA55-C89F-4365-9321-78596A1E3F20}.Release|Any CPU.Build.0 = Release|Any CPU
	EndGlobalSection
	GlobalSection(SolutionProperties) = preSolution
		HideSolutionNode = FALSE
	EndGlobalSection
	GlobalSection(NestedProjects) = preSolution
		{47417DB0-07E0-4C33-A004-7572685817D9} = {91328072-8DCB-4785-8302-88F9C0504250}
		{6C859948-5FE6-4BFC-A649-9117D79BB0A8} = {91328072-8DCB-4785-8302-88F9C0504250}
		{F75E9F40-8616-4D34-B36A-5081577C56F8} = {91328072-8DCB-4785-8302-88F9C0504250}
		{D869122C-75EC-445A-A8CA-16CFC4D3EB61} = {91328072-8DCB-4785-8302-88F9C0504250}
		{73694C5E-8229-4054-9B85-A6E3EC0E9A36} = {91328072-8DCB-4785-8302-88F9C0504250}
		{554191C7-6600-417F-A6BC-A5406FC7A3F6} = {91328072-8DCB-4785-8302-88F9C0504250}
		{7E145064-4DA5-4BE7-980B-ECB432FAF628} = {91328072-8DCB-4785-8302-88F9C0504250}
		{0C305C18-4A1F-4015-92F0-3A8921D46791} = {91328072-8DCB-4785-8302-88F9C0504250}
		{8A253792-87AC-479F-A2B6-DD67BC8103EA} = {91328072-8DCB-4785-8302-88F9C0504250}
		{0D71BD3F-80E5-4704-B3A5-4A2225F53A3B} = {91328072-8DCB-4785-8302-88F9C0504250}
		{33EEC857-37BF-47D0-8571-436A57E3C6D1} = {91328072-8DCB-4785-8302-88F9C0504250}
		{0476167A-332D-496D-AB13-81CD3FDABCEA} = {91328072-8DCB-4785-8302-88F9C0504250}
		{8BEEC024-7D93-4926-BD0F-B8686B42BA91} = {91328072-8DCB-4785-8302-88F9C0504250}
	EndGlobalSection
EndGlobal
